// !$*UTF8*$!
{
	archiveVersion = 1;
	classes = {
	};
	objectVersion = 50;
	objects = {

/* Begin PBXBuildFile section */
		BF5F035625C6998400E51ABD /* main.cpp in Sources */ = {isa = PBXBuildFile; fileRef = BF5F035525C6998400E51ABD /* main.cpp */; };
		BF5F036825C69FCD00E51ABD /* Chapter3.cpp in Sources */ = {isa = PBXBuildFile; fileRef = BF5F036625C69FCD00E51ABD /* Chapter3.cpp */; };
		BF5F037825C7DD5400E51ABD /* tool_debug.cpp in Sources */ = {isa = PBXBuildFile; fileRef = BF5F037625C7DD5400E51ABD /* tool_debug.cpp */; };
/* End PBXBuildFile section */

/* Begin PBXCopyFilesBuildPhase section */
		BF5F035025C6998400E51ABD /* CopyFiles */ = {
			isa = PBXCopyFilesBuildPhase;
			buildActionMask = 2147483647;
			dstPath = /usr/share/man/man1/;
			dstSubfolderSpec = 0;
			files = (
			);
			runOnlyForDeploymentPostprocessing = 1;
		};
/* End PBXCopyFilesBuildPhase section */

/* Begin PBXFileReference section */
		BF5F035225C6998400E51ABD /* AlgorithmsNotbookTest */ = {isa = PBXFileReference; explicitFileType = "compiled.mach-o.executable"; includeInIndex = 0; path = AlgorithmsNotbookTest; sourceTree = BUILT_PRODUCTS_DIR; };
		BF5F035525C6998400E51ABD /* main.cpp */ = {isa = PBXFileReference; lastKnownFileType = sourcecode.cpp.cpp; path = main.cpp; sourceTree = "<group>"; };
		BF5F036625C69FCD00E51ABD /* Chapter3.cpp */ = {isa = PBXFileReference; lastKnownFileType = sourcecode.cpp.cpp; path = Chapter3.cpp; sourceTree = "<group>"; };
		BF5F036725C69FCD00E51ABD /* Chapter3.hpp */ = {isa = PBXFileReference; lastKnownFileType = sourcecode.cpp.h; path = Chapter3.hpp; sourceTree = "<group>"; };
		BF5F036A25C6A21D00E51ABD /* B1011.txt */ = {isa = PBXFileReference; fileEncoding = 4; lastKnownFileType = text; path = B1011.txt; sourceTree = "<group>"; };
		BF5F036D25C6A7BA00E51ABD /* B1016.txt */ = {isa = PBXFileReference; fileEncoding = 4; lastKnownFileType = text; path = B1016.txt; sourceTree = "<group>"; };
		BF5F037325C7D54400E51ABD /* B1046.txt */ = {isa = PBXFileReference; fileEncoding = 4; lastKnownFileType = text; path = B1046.txt; sourceTree = "<group>"; };
		BF5F037525C7DC8600E51ABD /* B1012.txt */ = {isa = PBXFileReference; fileEncoding = 4; lastKnownFileType = text; path = B1012.txt; sourceTree = "<group>"; };
		BF5F037625C7DD5400E51ABD /* tool_debug.cpp */ = {isa = PBXFileReference; lastKnownFileType = sourcecode.cpp.cpp; path = tool_debug.cpp; sourceTree = "<group>"; };
		BF5F037725C7DD5400E51ABD /* tool_debug.hpp */ = {isa = PBXFileReference; lastKnownFileType = sourcecode.cpp.h; path = tool_debug.hpp; sourceTree = "<group>"; };
		BF5F037C25C91AF700E51ABD /* B1018.txt */ = {isa = PBXFileReference; fileEncoding = 4; lastKnownFileType = text; path = B1018.txt; sourceTree = "<group>"; };
		BF5F037E25C9231F00E51ABD /* A1042.txt */ = {isa = PBXFileReference; fileEncoding = 4; lastKnownFileType = text; path = A1042.txt; sourceTree = "<group>"; };
		BF5F038025C93A0600E51ABD /* A1046.txt */ = {isa = PBXFileReference; fileEncoding = 4; lastKnownFileType = text; path = A1046.txt; sourceTree = "<group>"; };
		BF5F038225C9461700E51ABD /* B1010.txt */ = {isa = PBXFileReference; fileEncoding = 4; lastKnownFileType = text; path = B1010.txt; sourceTree = "<group>"; };
		BF5F038425C94B3400E51ABD /* A1002.txt */ = {isa = PBXFileReference; fileEncoding = 4; lastKnownFileType = text; path = A1002.txt; sourceTree = "<group>"; };
		BF5F03A225CA4EFC00E51ABD /* A1009.txt */ = {isa = PBXFileReference; fileEncoding = 4; lastKnownFileType = text; path = A1009.txt; sourceTree = "<group>"; };
		BF5F03A425CA6DE700E51ABD /* B1041.txt */ = {isa = PBXFileReference; fileEncoding = 4; lastKnownFileType = text; path = B1041.txt; sourceTree = "<group>"; };
		BF5F03A625CA725F00E51ABD /* B1004.txt */ = {isa = PBXFileReference; fileEncoding = 4; lastKnownFileType = text; path = B1004.txt; sourceTree = "<group>"; };
		BF5F03A825CA769200E51ABD /* B1028.txt */ = {isa = PBXFileReference; fileEncoding = 4; lastKnownFileType = text; path = B1028.txt; sourceTree = "<group>"; };
		BF5F03AA25CA8BEF00E51ABD /* A1011.txt */ = {isa = PBXFileReference; fileEncoding = 4; lastKnownFileType = text; path = A1011.txt; sourceTree = "<group>"; };
		BF5F03AC25CA961F00E51ABD /* A1006.txt */ = {isa = PBXFileReference; fileEncoding = 4; lastKnownFileType = text; path = A1006.txt; sourceTree = "<group>"; };
		BF5F03AE25CAE5A000E51ABD /* A1036.txt */ = {isa = PBXFileReference; fileEncoding = 4; lastKnownFileType = text; path = A1036.txt; sourceTree = "<group>"; };
/* End PBXFileReference section */

/* Begin PBXFrameworksBuildPhase section */
		BF5F034F25C6998400E51ABD /* Frameworks */ = {
			isa = PBXFrameworksBuildPhase;
			buildActionMask = 2147483647;
			files = (
			);
			runOnlyForDeploymentPostprocessing = 0;
		};
/* End PBXFrameworksBuildPhase section */

/* Begin PBXGroup section */
		BF5F034925C6998400E51ABD = {
			isa = PBXGroup;
			children = (
				BF5F035425C6998400E51ABD /* AlgorithmsNotbookTest */,
				BF5F035325C6998400E51ABD /* Products */,
			);
			sourceTree = "<group>";
		};
		BF5F035325C6998400E51ABD /* Products */ = {
			isa = PBXGroup;
			children = (
				BF5F035225C6998400E51ABD /* AlgorithmsNotbookTest */,
			);
			name = Products;
			sourceTree = "<group>";
		};
		BF5F035425C6998400E51ABD /* AlgorithmsNotbookTest */ = {
			isa = PBXGroup;
			children = (
				BF5F036325C69F2A00E51ABD /* Chapter3 */,
				BF5F035D25C69E8D00E51ABD /* inputs */,
				BF5F035525C6998400E51ABD /* main.cpp */,
				BF5F037625C7DD5400E51ABD /* tool_debug.cpp */,
				BF5F037725C7DD5400E51ABD /* tool_debug.hpp */,
			);
			path = AlgorithmsNotbookTest;
			sourceTree = "<group>";
		};
		BF5F035D25C69E8D00E51ABD /* inputs */ = {
			isa = PBXGroup;
			children = (
				BF5F036B25C6A25E00E51ABD /* Chapter3 */,
			);
			path = inputs;
			sourceTree = "<group>";
		};
		BF5F036325C69F2A00E51ABD /* Chapter3 */ = {
			isa = PBXGroup;
			children = (
				BF5F036625C69FCD00E51ABD /* Chapter3.cpp */,
				BF5F036725C69FCD00E51ABD /* Chapter3.hpp */,
			);
			path = Chapter3;
			sourceTree = "<group>";
		};
		BF5F036B25C6A25E00E51ABD /* Chapter3 */ = {
			isa = PBXGroup;
			children = (
				BF5F03AE25CAE5A000E51ABD /* A1036.txt */,
				BF5F03AC25CA961F00E51ABD /* A1006.txt */,
				BF5F03AA25CA8BEF00E51ABD /* A1011.txt */,
				BF5F03A825CA769200E51ABD /* B1028.txt */,
				BF5F03A625CA725F00E51ABD /* B1004.txt */,
				BF5F03A425CA6DE700E51ABD /* B1041.txt */,
				BF5F03A225CA4EFC00E51ABD /* A1009.txt */,
				BF5F038425C94B3400E51ABD /* A1002.txt */,
				BF5F038225C9461700E51ABD /* B1010.txt */,
				BF5F038025C93A0600E51ABD /* A1046.txt */,
				BF5F037E25C9231F00E51ABD /* A1042.txt */,
				BF5F037C25C91AF700E51ABD /* B1018.txt */,
				BF5F037525C7DC8600E51ABD /* B1012.txt */,
				BF5F037325C7D54400E51ABD /* B1046.txt */,
				BF5F036D25C6A7BA00E51ABD /* B1016.txt */,
				BF5F036A25C6A21D00E51ABD /* B1011.txt */,
			);
			path = Chapter3;
			sourceTree = "<group>";
		};
/* End PBXGroup section */

/* Begin PBXNativeTarget section */
		BF5F035125C6998400E51ABD /* AlgorithmsNotbookTest */ = {
			isa = PBXNativeTarget;
			buildConfigurationList = BF5F035925C6998400E51ABD /* Build configuration list for PBXNativeTarget "AlgorithmsNotbookTest" */;
			buildPhases = (
				BF5F034E25C6998400E51ABD /* Sources */,
				BF5F034F25C6998400E51ABD /* Frameworks */,
				BF5F035025C6998400E51ABD /* CopyFiles */,
			);
			buildRules = (
			);
			dependencies = (
			);
			name = AlgorithmsNotbookTest;
			productName = AlgorithmsNotbookTest;
			productReference = BF5F035225C6998400E51ABD /* AlgorithmsNotbookTest */;
			productType = "com.apple.product-type.tool";
		};
/* End PBXNativeTarget section */

/* Begin PBXProject section */
		BF5F034A25C6998400E51ABD /* Project object */ = {
			isa = PBXProject;
			attributes = {
				LastUpgradeCheck = 1230;
				TargetAttributes = {
					BF5F035125C6998400E51ABD = {
						CreatedOnToolsVersion = 12.3;
					};
				};
			};
			buildConfigurationList = BF5F034D25C6998400E51ABD /* Build configuration list for PBXProject "AlgorithmsNotbookTest" */;
			compatibilityVersion = "Xcode 9.3";
			developmentRegion = en;
			hasScannedForEncodings = 0;
			knownRegions = (
				en,
				Base,
			);
			mainGroup = BF5F034925C6998400E51ABD;
			productRefGroup = BF5F035325C6998400E51ABD /* Products */;
			projectDirPath = "";
			projectRoot = "";
			targets = (
				BF5F035125C6998400E51ABD /* AlgorithmsNotbookTest */,
			);
		};
/* End PBXProject section */

/* Begin PBXSourcesBuildPhase section */
		BF5F034E25C6998400E51ABD /* Sources */ = {
			isa = PBXSourcesBuildPhase;
			buildActionMask = 2147483647;
			files = (
				BF5F037825C7DD5400E51ABD /* tool_debug.cpp in Sources */,
				BF5F035625C6998400E51ABD /* main.cpp in Sources */,
				BF5F036825C69FCD00E51ABD /* Chapter3.cpp in Sources */,
			);
			runOnlyForDeploymentPostprocessing = 0;
		};
/* End PBXSourcesBuildPhase section */

/* Begin XCBuildConfiguration section */
		BF5F035725C6998400E51ABD /* Debug */ = {
			isa = XCBuildConfiguration;
			buildSettings = {
				ALWAYS_SEARCH_USER_PATHS = NO;
				CLANG_ANALYZER_NONNULL = YES;
				CLANG_ANALYZER_NUMBER_OBJECT_CONVERSION = YES_AGGRESSIVE;
				CLANG_CXX_LANGUAGE_STANDARD = "gnu++14";
				CLANG_CXX_LIBRARY = "libc++";
				CLANG_ENABLE_MODULES = YES;
				CLANG_ENABLE_OBJC_ARC = YES;
				CLANG_ENABLE_OBJC_WEAK = YES;
				CLANG_WARN_BLOCK_CAPTURE_AUTORELEASING = YES;
				CLANG_WARN_BOOL_CONVERSION = YES;
				CLANG_WARN_COMMA = YES;
				CLANG_WARN_CONSTANT_CONVERSION = YES;
				CLANG_WARN_DEPRECATED_OBJC_IMPLEMENTATIONS = YES;
				CLANG_WARN_DIRECT_OBJC_ISA_USAGE = YES_ERROR;
				CLANG_WARN_DOCUMENTATION_COMMENTS = YES;
				CLANG_WARN_EMPTY_BODY = YES;
				CLANG_WARN_ENUM_CONVERSION = YES;
				CLANG_WARN_INFINITE_RECURSION = YES;
				CLANG_WARN_INT_CONVERSION = YES;
				CLANG_WARN_NON_LITERAL_NULL_CONVERSION = YES;
				CLANG_WARN_OBJC_IMPLICIT_RETAIN_SELF = YES;
				CLANG_WARN_OBJC_LITERAL_CONVERSION = YES;
				CLANG_WARN_OBJC_ROOT_CLASS = YES_ERROR;
				CLANG_WARN_QUOTED_INCLUDE_IN_FRAMEWORK_HEADER = YES;
				CLANG_WARN_RANGE_LOOP_ANALYSIS = YES;
				CLANG_WARN_STRICT_PROTOTYPES = YES;
				CLANG_WARN_SUSPICIOUS_MOVE = YES;
				CLANG_WARN_UNGUARDED_AVAILABILITY = YES_AGGRESSIVE;
				CLANG_WARN_UNREACHABLE_CODE = YES;
				CLANG_WARN__DUPLICATE_METHOD_MATCH = YES;
				COPY_PHASE_STRIP = NO;
				DEBUG_INFORMATION_FORMAT = dwarf;
				ENABLE_STRICT_OBJC_MSGSEND = YES;
				ENABLE_TESTABILITY = YES;
				GCC_C_LANGUAGE_STANDARD = gnu11;
				GCC_DYNAMIC_NO_PIC = NO;
				GCC_NO_COMMON_BLOCKS = YES;
				GCC_OPTIMIZATION_LEVEL = 0;
				GCC_PREPROCESSOR_DEFINITIONS = (
					"DEBUG=1",
					"$(inherited)",
				);
				GCC_WARN_64_TO_32_BIT_CONVERSION = YES;
				GCC_WARN_ABOUT_RETURN_TYPE = YES_ERROR;
				GCC_WARN_UNDECLARED_SELECTOR = YES;
				GCC_WARN_UNINITIALIZED_AUTOS = YES_AGGRESSIVE;
				GCC_WARN_UNUSED_FUNCTION = YES;
				GCC_WARN_UNUSED_VARIABLE = YES;
				MACOSX_DEPLOYMENT_TARGET = 11.1;
				MTL_ENABLE_DEBUG_INFO = INCLUDE_SOURCE;
				MTL_FAST_MATH = YES;
				ONLY_ACTIVE_ARCH = YES;
				SDKROOT = macosx;
			};
			name = Debug;
		};
		BF5F035825C6998400E51ABD /* Release */ = {
			isa = XCBuildConfiguration;
			buildSettings = {
				ALWAYS_SEARCH_USER_PATHS = NO;
				CLANG_ANALYZER_NONNULL = YES;
				CLANG_ANALYZER_NUMBER_OBJECT_CONVERSION = YES_AGGRESSIVE;
				CLANG_CXX_LANGUAGE_STANDARD = "gnu++14";
				CLANG_CXX_LIBRARY = "libc++";
				CLANG_ENABLE_MODULES = YES;
				CLANG_ENABLE_OBJC_ARC = YES;
				CLANG_ENABLE_OBJC_WEAK = YES;
				CLANG_WARN_BLOCK_CAPTURE_AUTORELEASING = YES;
				CLANG_WARN_BOOL_CONVERSION = YES;
				CLANG_WARN_COMMA = YES;
				CLANG_WARN_CONSTANT_CONVERSION = YES;
				CLANG_WARN_DEPRECATED_OBJC_IMPLEMENTATIONS = YES;
				CLANG_WARN_DIRECT_OBJC_ISA_USAGE = YES_ERROR;
				CLANG_WARN_DOCUMENTATION_COMMENTS = YES;
				CLANG_WARN_EMPTY_BODY = YES;
				CLANG_WARN_ENUM_CONVERSION = YES;
				CLANG_WARN_INFINITE_RECURSION = YES;
				CLANG_WARN_INT_CONVERSION = YES;
				CLANG_WARN_NON_LITERAL_NULL_CONVERSION = YES;
				CLANG_WARN_OBJC_IMPLICIT_RETAIN_SELF = YES;
				CLANG_WARN_OBJC_LITERAL_CONVERSION = YES;
				CLANG_WARN_OBJC_ROOT_CLASS = YES_ERROR;
				CLANG_WARN_QUOTED_INCLUDE_IN_FRAMEWORK_HEADER = YES;
				CLANG_WARN_RANGE_LOOP_ANALYSIS = YES;
				CLANG_WARN_STRICT_PROTOTYPES = YES;
				CLANG_WARN_SUSPICIOUS_MOVE = YES;
				CLANG_WARN_UNGUARDED_AVAILABILITY = YES_AGGRESSIVE;
				CLANG_WARN_UNREACHABLE_CODE = YES;
				CLANG_WARN__DUPLICATE_METHOD_MATCH = YES;
				COPY_PHASE_STRIP = NO;
				DEBUG_INFORMATION_FORMAT = "dwarf-with-dsym";
				ENABLE_NS_ASSERTIONS = NO;
				ENABLE_STRICT_OBJC_MSGSEND = YES;
				GCC_C_LANGUAGE_STANDARD = gnu11;
				GCC_NO_COMMON_BLOCKS = YES;
				GCC_WARN_64_TO_32_BIT_CONVERSION = YES;
				GCC_WARN_ABOUT_RETURN_TYPE = YES_ERROR;
				GCC_WARN_UNDECLARED_SELECTOR = YES;
				GCC_WARN_UNINITIALIZED_AUTOS = YES_AGGRESSIVE;
				GCC_WARN_UNUSED_FUNCTION = YES;
				GCC_WARN_UNUSED_VARIABLE = YES;
				MACOSX_DEPLOYMENT_TARGET = 11.1;
				MTL_ENABLE_DEBUG_INFO = NO;
				MTL_FAST_MATH = YES;
				SDKROOT = macosx;
			};
			name = Release;
		};
		BF5F035A25C6998400E51ABD /* Debug */ = {
			isa = XCBuildConfiguration;
			buildSettings = {
				CODE_SIGN_STYLE = Automatic;
				DEVELOPMENT_TEAM = H9E22SAE93;
				ENABLE_HARDENED_RUNTIME = YES;
				PRODUCT_NAME = "$(TARGET_NAME)";
			};
			name = Debug;
		};
		BF5F035B25C6998400E51ABD /* Release */ = {
			isa = XCBuildConfiguration;
			buildSettings = {
				CODE_SIGN_STYLE = Automatic;
				DEVELOPMENT_TEAM = H9E22SAE93;
				ENABLE_HARDENED_RUNTIME = YES;
				PRODUCT_NAME = "$(TARGET_NAME)";
			};
			name = Release;
		};
/* End XCBuildConfiguration section */

/* Begin XCConfigurationList section */
		BF5F034D25C6998400E51ABD /* Build configuration list for PBXProject "AlgorithmsNotbookTest" */ = {
			isa = XCConfigurationList;
			buildConfigurations = (
				BF5F035725C6998400E51ABD /* Debug */,
				BF5F035825C6998400E51ABD /* Release */,
			);
			defaultConfigurationIsVisible = 0;
			defaultConfigurationName = Release;
		};
		BF5F035925C6998400E51ABD /* Build configuration list for PBXNativeTarget "AlgorithmsNotbookTest" */ = {
			isa = XCConfigurationList;
			buildConfigurations = (
				BF5F035A25C6998400E51ABD /* Debug */,
				BF5F035B25C6998400E51ABD /* Release */,
			);
			defaultConfigurationIsVisible = 0;
			defaultConfigurationName = Release;
		};
/* End XCConfigurationList section */
	};
	rootObject = BF5F034A25C6998400E51ABD /* Project object */;
}
